
Microsoft Visual Studio Solution File, Format Version 12.00
# Visual Studio Version 16
VisualStudioVersion = 16.0.29306.81
MinimumVisualStudioVersion = 10.0.40219.1
Project("{FAE04EC0-301F-11D3-BF4B-00C04F79EFBC}") = "Konyvaru", "Konyvaru\Konyvaru.csproj", "{3AD87045-9AE2-447C-9A69-2B05AC7398D1}"
EndProject
Global
	GlobalSection(SolutionConfigurationPlatforms) = preSolution
		Debug|Any CPU = Debug|Any CPU
		Release|Any CPU = Release|Any CPU
	EndGlobalSection
	GlobalSection(ProjectConfigurationPlatforms) = postSolution
		{3AD87045-9AE2-447C-9A69-2B05AC7398D1}.Debug|Any CPU.ActiveCfg = Debug|Any CPU
		{3AD87045-9AE2-447C-9A69-2B05AC7398D1}.Debug|Any CPU.Build.0 = Debug|Any CPU
		{3AD87045-9AE2-447C-9A69-2B05AC7398D1}.Release|Any CPU.ActiveCfg = Release|Any CPU
		{3AD87045-9AE2-447C-9A69-2B05AC7398D1}.Release|Any CPU.Build.0 = Release|Any CPU
	EndGlobalSection
	GlobalSection(SolutionProperties) = preSolution
		HideSolutionNode = FALSE
	EndGlobalSection
	GlobalSection(ExtensibilityGlobals) = postSolution
		SolutionGuid = {7E8B1777-E981-48E8-8B81-9057BB48AD1D}
	EndGlobalSection
EndGlobal
